
Microsoft Visual Studio Solution File, Format Version 12.00
# Visual Studio 14
VisualStudioVersion = 14.0.25123.0
MinimumVisualStudioVersion = 10.0.40219.1
Project("{2150E333-8FDC-42A3-9474-1A3956D46DE8}") = "src", "src", "{716271C3-C024-4DCE-B52B-7CAED4343A14}"
EndProject
Project("{2150E333-8FDC-42A3-9474-1A3956D46DE8}") = "Solution Items", "Solution Items", "{02FE39C0-C6F9-43F1-A3E7-7355B90A9F2E}"
	ProjectSection(SolutionItems) = preProject
		global.json = global.json
	EndProjectSection
EndProject
Project("{8BB2217D-0F2D-49D1-97BC-3654ED321F3B}") = "UsedGameBrowser", "src\UsedGameBrowser\UsedGameBrowser.xproj", "{F3BFBC7A-6AD6-4B64-8071-4AD584C3BBCD}"
EndProject
Global
	GlobalSection(SolutionConfigurationPlatforms) = preSolution
		Debug|Any CPU = Debug|Any CPU
		Release|Any CPU = Release|Any CPU
	EndGlobalSection
	GlobalSection(ProjectConfigurationPlatforms) = postSolution
		{F3BFBC7A-6AD6-4B64-8071-4AD584C3BBCD}.Debug|Any CPU.ActiveCfg = Debug|Any CPU
		{F3BFBC7A-6AD6-4B64-8071-4AD584C3BBCD}.Debug|Any CPU.Build.0 = Debug|Any CPU
		{F3BFBC7A-6AD6-4B64-8071-4AD584C3BBCD}.Release|Any CPU.ActiveCfg = Release|Any CPU
		{F3BFBC7A-6AD6-4B64-8071-4AD584C3BBCD}.Release|Any CPU.Build.0 = Release|Any CPU
	EndGlobalSection
	GlobalSection(SolutionProperties) = preSolution
		HideSolutionNode = FALSE
	EndGlobalSection
	GlobalSection(NestedProjects) = preSolution
		{F3BFBC7A-6AD6-4B64-8071-4AD584C3BBCD} = {716271C3-C024-4DCE-B52B-7CAED4343A14}
	EndGlobalSection
EndGlobal
